
Microsoft Visual Studio Solution File, Format Version 12.00
# Visual Studio Version 16
VisualStudioVersion = 16.0.29201.188
MinimumVisualStudioVersion = 10.0.40219.1
Project("{FAE04EC0-301F-11D3-BF4B-00C04F79EFBC}") = "Mere12", "Mere12\Mere12.csproj", "{D0F120D1-C6D5-4282-9692-7AE1BEB27738}"
EndProject
Global
	GlobalSection(SolutionConfigurationPlatforms) = preSolution
		Debug|Any CPU = Debug|Any CPU
		Release|Any CPU = Release|Any CPU
	EndGlobalSection
	GlobalSection(ProjectConfigurationPlatforms) = postSolution
		{D0F120D1-C6D5-4282-9692-7AE1BEB27738}.Debug|Any CPU.ActiveCfg = Debug|Any CPU
		{D0F120D1-C6D5-4282-9692-7AE1BEB27738}.Debug|Any CPU.Build.0 = Debug|Any CPU
		{D0F120D1-C6D5-4282-9692-7AE1BEB27738}.Release|Any CPU.ActiveCfg = Release|Any CPU
		{D0F120D1-C6D5-4282-9692-7AE1BEB27738}.Release|Any CPU.Build.0 = Release|Any CPU
	EndGlobalSection
	GlobalSection(SolutionProperties) = preSolution
		HideSolutionNode = FALSE
	EndGlobalSection
	GlobalSection(ExtensibilityGlobals) = postSolution
		SolutionGuid = {C6750741-9053-4DB6-82E2-AFC7351A319F}
	EndGlobalSection
EndGlobal
